
Microsoft Visual Studio Solution File, Format Version 12.00
# Visual Studio 14
VisualStudioVersion = 14.0.24720.0
MinimumVisualStudioVersion = 10.0.40219.1
Project("{FAE04EC0-301F-11D3-BF4B-00C04F79EFBC}") = "GestaoMobile.Droid", "GestaoMobile\GestaoMobile.Droid\GestaoMobile.Droid.csproj", "{B2356356-6436-455C-8848-15FDBFEBD4A6}"
EndProject
Project("{FAE04EC0-301F-11D3-BF4B-00C04F79EFBC}") = "GestaoMobile.iOS", "GestaoMobile\GestaoMobile.iOS\GestaoMobile.iOS.csproj", "{5952F276-27BE-4311-A76D-7115B3F6526B}"
EndProject
Project("{FAE04EC0-301F-11D3-BF4B-00C04F79EFBC}") = "GestaoMobile.WinPhone", "GestaoMobile\GestaoMobile.WinPhone\GestaoMobile.WinPhone.csproj", "{B0C1EDFE-26F5-4DA0-A2EF-E4F4FED868B9}"
EndProject
Project("{FAE04EC0-301F-11D3-BF4B-00C04F79EFBC}") = "GestaoMobile.UWP", "GestaoMobile\GestaoMobile.UWP\GestaoMobile.UWP.csproj", "{126AAED0-001C-43B8-8836-769C33E2B414}"
EndProject
Project("{FAE04EC0-301F-11D3-BF4B-00C04F79EFBC}") = "GestaoMobile.Windows", "GestaoMobile\GestaoMobile.Windows\GestaoMobile.Windows.csproj", "{47C13BF8-7298-49E9-A9E2-D1E42E546462}"
EndProject
Project("{FAE04EC0-301F-11D3-BF4B-00C04F79EFBC}") = "GestaoMobile", "GestaoMobile\GestaoMobile\GestaoMobile.csproj", "{4C56175B-E637-44AD-A9C2-7284964CB115}"
EndProject
Global
	GlobalSection(SolutionConfigurationPlatforms) = preSolution
		Ad-Hoc|Any CPU = Ad-Hoc|Any CPU
		Ad-Hoc|ARM = Ad-Hoc|ARM
		Ad-Hoc|iPhone = Ad-Hoc|iPhone
		Ad-Hoc|iPhoneSimulator = Ad-Hoc|iPhoneSimulator
		Ad-Hoc|x64 = Ad-Hoc|x64
		Ad-Hoc|x86 = Ad-Hoc|x86
		AppStore|Any CPU = AppStore|Any CPU
		AppStore|ARM = AppStore|ARM
		AppStore|iPhone = AppStore|iPhone
		AppStore|iPhoneSimulator = AppStore|iPhoneSimulator
		AppStore|x64 = AppStore|x64
		AppStore|x86 = AppStore|x86
		Debug|Any CPU = Debug|Any CPU
		Debug|ARM = Debug|ARM
		Debug|iPhone = Debug|iPhone
		Debug|iPhoneSimulator = Debug|iPhoneSimulator
		Debug|x64 = Debug|x64
		Debug|x86 = Debug|x86
		Release|Any CPU = Release|Any CPU
		Release|ARM = Release|ARM
		Release|iPhone = Release|iPhone
		Release|iPhoneSimulator = Release|iPhoneSimulator
		Release|x64 = Release|x64
		Release|x86 = Release|x86
	EndGlobalSection
	GlobalSection(ProjectConfigurationPlatforms) = postSolution
		{B2356356-6436-455C-8848-15FDBFEBD4A6}.Ad-Hoc|Any CPU.ActiveCfg = Release|Any CPU
		{B2356356-6436-455C-8848-15FDBFEBD4A6}.Ad-Hoc|Any CPU.Build.0 = Release|Any CPU
		{B2356356-6436-455C-8848-15FDBFEBD4A6}.Ad-Hoc|Any CPU.Deploy.0 = Release|Any CPU
		{B2356356-6436-455C-8848-15FDBFEBD4A6}.Ad-Hoc|ARM.ActiveCfg = Release|Any CPU
		{B2356356-6436-455C-8848-15FDBFEBD4A6}.Ad-Hoc|ARM.Build.0 = Release|Any CPU
		{B2356356-6436-455C-8848-15FDBFEBD4A6}.Ad-Hoc|ARM.Deploy.0 = Release|Any CPU
		{B2356356-6436-455C-8848-15FDBFEBD4A6}.Ad-Hoc|iPhone.ActiveCfg = Release|Any CPU
		{B2356356-6436-455C-8848-15FDBFEBD4A6}.Ad-Hoc|iPhone.Build.0 = Release|Any CPU
		{B2356356-6436-455C-8848-15FDBFEBD4A6}.Ad-Hoc|iPhone.Deploy.0 = Release|Any CPU
		{B2356356-6436-455C-8848-15FDBFEBD4A6}.Ad-Hoc|iPhoneSimulator.ActiveCfg = Release|Any CPU
		{B2356356-6436-455C-8848-15FDBFEBD4A6}.Ad-Hoc|iPhoneSimulator.Build.0 = Release|Any CPU
		{B2356356-6436-455C-8848-15FDBFEBD4A6}.Ad-Hoc|iPhoneSimulator.Deploy.0 = Release|Any CPU
		{B2356356-6436-455C-8848-15FDBFEBD4A6}.Ad-Hoc|x64.ActiveCfg = Release|Any CPU
		{B2356356-6436-455C-8848-15FDBFEBD4A6}.Ad-Hoc|x64.Build.0 = Release|Any CPU
		{B2356356-6436-455C-8848-15FDBFEBD4A6}.Ad-Hoc|x64.Deploy.0 = Release|Any CPU
		{B2356356-6436-455C-8848-15FDBFEBD4A6}.Ad-Hoc|x86.ActiveCfg = Release|Any CPU
		{B2356356-6436-455C-8848-15FDBFEBD4A6}.Ad-Hoc|x86.Build.0 = Release|Any CPU
		{B2356356-6436-455C-8848-15FDBFEBD4A6}.Ad-Hoc|x86.Deploy.0 = Release|Any CPU
		{B2356356-6436-455C-8848-15FDBFEBD4A6}.AppStore|Any CPU.ActiveCfg = Release|Any CPU
		{B2356356-6436-455C-8848-15FDBFEBD4A6}.AppStore|Any CPU.Build.0 = Release|Any CPU
		{B2356356-6436-455C-8848-15FDBFEBD4A6}.AppStore|Any CPU.Deploy.0 = Release|Any CPU
		{B2356356-6436-455C-8848-15FDBFEBD4A6}.AppStore|ARM.ActiveCfg = Release|Any CPU
		{B2356356-6436-455C-8848-15FDBFEBD4A6}.AppStore|ARM.Build.0 = Release|Any CPU
		{B2356356-6436-455C-8848-15FDBFEBD4A6}.AppStore|ARM.Deploy.0 = Release|Any CPU
		{B2356356-6436-455C-8848-15FDBFEBD4A6}.AppStore|iPhone.ActiveCfg = Release|Any CPU
		{B2356356-6436-455C-8848-15FDBFEBD4A6}.AppStore|iPhone.Build.0 = Release|Any CPU
		{B2356356-6436-455C-8848-15FDBFEBD4A6}.AppStore|iPhone.Deploy.0 = Release|Any CPU
		{B2356356-6436-455C-8848-15FDBFEBD4A6}.AppStore|iPhoneSimulator.ActiveCfg = Release|Any CPU
		{B2356356-6436-455C-8848-15FDBFEBD4A6}.AppStore|iPhoneSimulator.Build.0 = Release|Any CPU
		{B2356356-6436-455C-8848-15FDBFEBD4A6}.AppStore|iPhoneSimulator.Deploy.0 = Release|Any CPU
		{B2356356-6436-455C-8848-15FDBFEBD4A6}.AppStore|x64.ActiveCfg = Release|Any CPU
		{B2356356-6436-455C-8848-15FDBFEBD4A6}.AppStore|x64.Build.0 = Release|Any CPU
		{B2356356-6436-455C-8848-15FDBFEBD4A6}.AppStore|x64.Deploy.0 = Release|Any CPU
		{B2356356-6436-455C-8848-15FDBFEBD4A6}.AppStore|x86.ActiveCfg = Release|Any CPU
		{B2356356-6436-455C-8848-15FDBFEBD4A6}.AppStore|x86.Build.0 = Release|Any CPU
		{B2356356-6436-455C-8848-15FDBFEBD4A6}.AppStore|x86.Deploy.0 = Release|Any CPU
		{B2356356-6436-455C-8848-15FDBFEBD4A6}.Debug|Any CPU.ActiveCfg = Debug|Any CPU
		{B2356356-6436-455C-8848-15FDBFEBD4A6}.Debug|Any CPU.Build.0 = Debug|Any CPU
		{B2356356-6436-455C-8848-15FDBFEBD4A6}.Debug|Any CPU.Deploy.0 = Debug|Any CPU
		{B2356356-6436-455C-8848-15FDBFEBD4A6}.Debug|ARM.ActiveCfg = Debug|Any CPU
		{B2356356-6436-455C-8848-15FDBFEBD4A6}.Debug|ARM.Build.0 = Debug|Any CPU
		{B2356356-6436-455C-8848-15FDBFEBD4A6}.Debug|ARM.Deploy.0 = Debug|Any CPU
		{B2356356-6436-455C-8848-15FDBFEBD4A6}.Debug|iPhone.ActiveCfg = Debug|Any CPU
		{B2356356-6436-455C-8848-15FDBFEBD4A6}.Debug|iPhone.Build.0 = Debug|Any CPU
		{B2356356-6436-455C-8848-15FDBFEBD4A6}.Debug|iPhone.Deploy.0 = Debug|Any CPU
		{B2356356-6436-455C-8848-15FDBFEBD4A6}.Debug|iPhoneSimulator.ActiveCfg = Debug|Any CPU
		{B2356356-6436-455C-8848-15FDBFEBD4A6}.Debug|iPhoneSimulator.Build.0 = Debug|Any CPU
		{B2356356-6436-455C-8848-15FDBFEBD4A6}.Debug|iPhoneSimulator.Deploy.0 = Debug|Any CPU
		{B2356356-6436-455C-8848-15FDBFEBD4A6}.Debug|x64.ActiveCfg = Debug|Any CPU
		{B2356356-6436-455C-8848-15FDBFEBD4A6}.Debug|x64.Build.0 = Debug|Any CPU
		{B2356356-6436-455C-8848-15FDBFEBD4A6}.Debug|x64.Deploy.0 = Debug|Any CPU
		{B2356356-6436-455C-8848-15FDBFEBD4A6}.Debug|x86.ActiveCfg = Debug|Any CPU
		{B2356356-6436-455C-8848-15FDBFEBD4A6}.Debug|x86.Build.0 = Debug|Any CPU
		{B2356356-6436-455C-8848-15FDBFEBD4A6}.Debug|x86.Deploy.0 = Debug|Any CPU
		{B2356356-6436-455C-8848-15FDBFEBD4A6}.Release|Any CPU.ActiveCfg = Release|Any CPU
		{B2356356-6436-455C-8848-15FDBFEBD4A6}.Release|Any CPU.Build.0 = Release|Any CPU
		{B2356356-6436-455C-8848-15FDBFEBD4A6}.Release|Any CPU.Deploy.0 = Release|Any CPU
		{B2356356-6436-455C-8848-15FDBFEBD4A6}.Release|ARM.ActiveCfg = Release|Any CPU
		{B2356356-6436-455C-8848-15FDBFEBD4A6}.Release|ARM.Build.0 = Release|Any CPU
		{B2356356-6436-455C-8848-15FDBFEBD4A6}.Release|ARM.Deploy.0 = Release|Any CPU
		{B2356356-6436-455C-8848-15FDBFEBD4A6}.Release|iPhone.ActiveCfg = Release|Any CPU
		{B2356356-6436-455C-8848-15FDBFEBD4A6}.Release|iPhone.Build.0 = Release|Any CPU
		{B2356356-6436-455C-8848-15FDBFEBD4A6}.Release|iPhone.Deploy.0 = Release|Any CPU
		{B2356356-6436-455C-8848-15FDBFEBD4A6}.Release|iPhoneSimulator.ActiveCfg = Release|Any CPU
		{B2356356-6436-455C-8848-15FDBFEBD4A6}.Release|iPhoneSimulator.Build.0 = Release|Any CPU
		{B2356356-6436-455C-8848-15FDBFEBD4A6}.Release|iPhoneSimulator.Deploy.0 = Release|Any CPU
		{B2356356-6436-455C-8848-15FDBFEBD4A6}.Release|x64.ActiveCfg = Release|Any CPU
		{B2356356-6436-455C-8848-15FDBFEBD4A6}.Release|x64.Build.0 = Release|Any CPU
		{B2356356-6436-455C-8848-15FDBFEBD4A6}.Release|x64.Deploy.0 = Release|Any CPU
		{B2356356-6436-455C-8848-15FDBFEBD4A6}.Release|x86.ActiveCfg = Release|Any CPU
		{B2356356-6436-455C-8848-15FDBFEBD4A6}.Release|x86.Build.0 = Release|Any CPU
		{B2356356-6436-455C-8848-15FDBFEBD4A6}.Release|x86.Deploy.0 = Release|Any CPU
		{5952F276-27BE-4311-A76D-7115B3F6526B}.Ad-Hoc|Any CPU.ActiveCfg = Ad-Hoc|iPhone
		{5952F276-27BE-4311-A76D-7115B3F6526B}.Ad-Hoc|ARM.ActiveCfg = Ad-Hoc|iPhone
		{5952F276-27BE-4311-A76D-7115B3F6526B}.Ad-Hoc|iPhone.ActiveCfg = Ad-Hoc|iPhone
		{5952F276-27BE-4311-A76D-7115B3F6526B}.Ad-Hoc|iPhone.Build.0 = Ad-Hoc|iPhone
		{5952F276-27BE-4311-A76D-7115B3F6526B}.Ad-Hoc|iPhoneSimulator.ActiveCfg = Ad-Hoc|iPhoneSimulator
		{5952F276-27BE-4311-A76D-7115B3F6526B}.Ad-Hoc|iPhoneSimulator.Build.0 = Ad-Hoc|iPhoneSimulator
		{5952F276-27BE-4311-A76D-7115B3F6526B}.Ad-Hoc|x64.ActiveCfg = Ad-Hoc|iPhone
		{5952F276-27BE-4311-A76D-7115B3F6526B}.Ad-Hoc|x86.ActiveCfg = Ad-Hoc|iPhone
		{5952F276-27BE-4311-A76D-7115B3F6526B}.AppStore|Any CPU.ActiveCfg = AppStore|iPhone
		{5952F276-27BE-4311-A76D-7115B3F6526B}.AppStore|ARM.ActiveCfg = AppStore|iPhone
		{5952F276-27BE-4311-A76D-7115B3F6526B}.AppStore|iPhone.ActiveCfg = AppStore|iPhone
		{5952F276-27BE-4311-A76D-7115B3F6526B}.AppStore|iPhone.Build.0 = AppStore|iPhone
		{5952F276-27BE-4311-A76D-7115B3F6526B}.AppStore|iPhoneSimulator.ActiveCfg = AppStore|iPhoneSimulator
		{5952F276-27BE-4311-A76D-7115B3F6526B}.AppStore|iPhoneSimulator.Build.0 = AppStore|iPhoneSimulator
		{5952F276-27BE-4311-A76D-7115B3F6526B}.AppStore|x64.ActiveCfg = AppStore|iPhone
		{5952F276-27BE-4311-A76D-7115B3F6526B}.AppStore|x86.ActiveCfg = AppStore|iPhone
		{5952F276-27BE-4311-A76D-7115B3F6526B}.Debug|Any CPU.ActiveCfg = Debug|iPhone
		{5952F276-27BE-4311-A76D-7115B3F6526B}.Debug|ARM.ActiveCfg = Debug|iPhone
		{5952F276-27BE-4311-A76D-7115B3F6526B}.Debug|iPhone.ActiveCfg = Debug|iPhone
		{5952F276-27BE-4311-A76D-7115B3F6526B}.Debug|iPhone.Build.0 = Debug|iPhone
		{5952F276-27BE-4311-A76D-7115B3F6526B}.Debug|iPhoneSimulator.ActiveCfg = Debug|iPhoneSimulator
		{5952F276-27BE-4311-A76D-7115B3F6526B}.Debug|iPhoneSimulator.Build.0 = Debug|iPhoneSimulator
		{5952F276-27BE-4311-A76D-7115B3F6526B}.Debug|x64.ActiveCfg = Debug|iPhone
		{5952F276-27BE-4311-A76D-7115B3F6526B}.Debug|x86.ActiveCfg = Debug|iPhone
		{5952F276-27BE-4311-A76D-7115B3F6526B}.Release|Any CPU.ActiveCfg = Release|iPhone
		{5952F276-27BE-4311-A76D-7115B3F6526B}.Release|ARM.ActiveCfg = Release|iPhone
		{5952F276-27BE-4311-A76D-7115B3F6526B}.Release|iPhone.ActiveCfg = Release|iPhone
		{5952F276-27BE-4311-A76D-7115B3F6526B}.Release|iPhone.Build.0 = Release|iPhone
		{5952F276-27BE-4311-A76D-7115B3F6526B}.Release|iPhoneSimulator.ActiveCfg = Release|iPhoneSimulator
		{5952F276-27BE-4311-A76D-7115B3F6526B}.Release|iPhoneSimulator.Build.0 = Release|iPhoneSimulator
		{5952F276-27BE-4311-A76D-7115B3F6526B}.Release|x64.ActiveCfg = Release|iPhone
		{5952F276-27BE-4311-A76D-7115B3F6526B}.Release|x86.ActiveCfg = Release|iPhone
		{B0C1EDFE-26F5-4DA0-A2EF-E4F4FED868B9}.Ad-Hoc|Any CPU.ActiveCfg = Release|Any CPU
		{B0C1EDFE-26F5-4DA0-A2EF-E4F4FED868B9}.Ad-Hoc|Any CPU.Build.0 = Release|Any CPU
		{B0C1EDFE-26F5-4DA0-A2EF-E4F4FED868B9}.Ad-Hoc|Any CPU.Deploy.0 = Release|Any CPU
		{B0C1EDFE-26F5-4DA0-A2EF-E4F4FED868B9}.Ad-Hoc|ARM.ActiveCfg = Release|ARM
		{B0C1EDFE-26F5-4DA0-A2EF-E4F4FED868B9}.Ad-Hoc|ARM.Build.0 = Release|ARM
		{B0C1EDFE-26F5-4DA0-A2EF-E4F4FED868B9}.Ad-Hoc|ARM.Deploy.0 = Release|ARM
		{B0C1EDFE-26F5-4DA0-A2EF-E4F4FED868B9}.Ad-Hoc|iPhone.ActiveCfg = Release|Any CPU
		{B0C1EDFE-26F5-4DA0-A2EF-E4F4FED868B9}.Ad-Hoc|iPhone.Build.0 = Release|Any CPU
		{B0C1EDFE-26F5-4DA0-A2EF-E4F4FED868B9}.Ad-Hoc|iPhone.Deploy.0 = Release|Any CPU
		{B0C1EDFE-26F5-4DA0-A2EF-E4F4FED868B9}.Ad-Hoc|iPhoneSimulator.ActiveCfg = Release|Any CPU
		{B0C1EDFE-26F5-4DA0-A2EF-E4F4FED868B9}.Ad-Hoc|iPhoneSimulator.Build.0 = Release|Any CPU
		{B0C1EDFE-26F5-4DA0-A2EF-E4F4FED868B9}.Ad-Hoc|iPhoneSimulator.Deploy.0 = Release|Any CPU
		{B0C1EDFE-26F5-4DA0-A2EF-E4F4FED868B9}.Ad-Hoc|x64.ActiveCfg = Release|Any CPU
		{B0C1EDFE-26F5-4DA0-A2EF-E4F4FED868B9}.Ad-Hoc|x64.Build.0 = Release|Any CPU
		{B0C1EDFE-26F5-4DA0-A2EF-E4F4FED868B9}.Ad-Hoc|x64.Deploy.0 = Release|Any CPU
		{B0C1EDFE-26F5-4DA0-A2EF-E4F4FED868B9}.Ad-Hoc|x86.ActiveCfg = Release|x86
		{B0C1EDFE-26F5-4DA0-A2EF-E4F4FED868B9}.Ad-Hoc|x86.Build.0 = Release|x86
		{B0C1EDFE-26F5-4DA0-A2EF-E4F4FED868B9}.Ad-Hoc|x86.Deploy.0 = Release|x86
		{B0C1EDFE-26F5-4DA0-A2EF-E4F4FED868B9}.AppStore|Any CPU.ActiveCfg = Release|Any CPU
		{B0C1EDFE-26F5-4DA0-A2EF-E4F4FED868B9}.AppStore|Any CPU.Build.0 = Release|Any CPU
		{B0C1EDFE-26F5-4DA0-A2EF-E4F4FED868B9}.AppStore|Any CPU.Deploy.0 = Release|Any CPU
		{B0C1EDFE-26F5-4DA0-A2EF-E4F4FED868B9}.AppStore|ARM.ActiveCfg = Release|ARM
		{B0C1EDFE-26F5-4DA0-A2EF-E4F4FED868B9}.AppStore|ARM.Build.0 = Release|ARM
		{B0C1EDFE-26F5-4DA0-A2EF-E4F4FED868B9}.AppStore|ARM.Deploy.0 = Release|ARM
		{B0C1EDFE-26F5-4DA0-A2EF-E4F4FED868B9}.AppStore|iPhone.ActiveCfg = Release|Any CPU
		{B0C1EDFE-26F5-4DA0-A2EF-E4F4FED868B9}.AppStore|iPhone.Build.0 = Release|Any CPU
		{B0C1EDFE-26F5-4DA0-A2EF-E4F4FED868B9}.AppStore|iPhone.Deploy.0 = Release|Any CPU
		{B0C1EDFE-26F5-4DA0-A2EF-E4F4FED868B9}.AppStore|iPhoneSimulator.ActiveCfg = Release|Any CPU
		{B0C1EDFE-26F5-4DA0-A2EF-E4F4FED868B9}.AppStore|iPhoneSimulator.Build.0 = Release|Any CPU
		{B0C1EDFE-26F5-4DA0-A2EF-E4F4FED868B9}.AppStore|iPhoneSimulator.Deploy.0 = Release|Any CPU
		{B0C1EDFE-26F5-4DA0-A2EF-E4F4FED868B9}.AppStore|x64.ActiveCfg = Release|Any CPU
		{B0C1EDFE-26F5-4DA0-A2EF-E4F4FED868B9}.AppStore|x64.Build.0 = Release|Any CPU
		{B0C1EDFE-26F5-4DA0-A2EF-E4F4FED868B9}.AppStore|x64.Deploy.0 = Release|Any CPU
		{B0C1EDFE-26F5-4DA0-A2EF-E4F4FED868B9}.AppStore|x86.ActiveCfg = Release|x86
		{B0C1EDFE-26F5-4DA0-A2EF-E4F4FED868B9}.AppStore|x86.Build.0 = Release|x86
		{B0C1EDFE-26F5-4DA0-A2EF-E4F4FED868B9}.AppStore|x86.Deploy.0 = Release|x86
		{B0C1EDFE-26F5-4DA0-A2EF-E4F4FED868B9}.Debug|Any CPU.ActiveCfg = Debug|Any CPU
		{B0C1EDFE-26F5-4DA0-A2EF-E4F4FED868B9}.Debug|Any CPU.Build.0 = Debug|Any CPU
		{B0C1EDFE-26F5-4DA0-A2EF-E4F4FED868B9}.Debug|Any CPU.Deploy.0 = Debug|Any CPU
		{B0C1EDFE-26F5-4DA0-A2EF-E4F4FED868B9}.Debug|ARM.ActiveCfg = Debug|ARM
		{B0C1EDFE-26F5-4DA0-A2EF-E4F4FED868B9}.Debug|ARM.Build.0 = Debug|ARM
		{B0C1EDFE-26F5-4DA0-A2EF-E4F4FED868B9}.Debug|ARM.Deploy.0 = Debug|ARM
		{B0C1EDFE-26F5-4DA0-A2EF-E4F4FED868B9}.Debug|iPhone.ActiveCfg = Debug|Any CPU
		{B0C1EDFE-26F5-4DA0-A2EF-E4F4FED868B9}.Debug|iPhone.Build.0 = Debug|Any CPU
		{B0C1EDFE-26F5-4DA0-A2EF-E4F4FED868B9}.Debug|iPhone.Deploy.0 = Debug|Any CPU
		{B0C1EDFE-26F5-4DA0-A2EF-E4F4FED868B9}.Debug|iPhoneSimulator.ActiveCfg = Debug|Any CPU
		{B0C1EDFE-26F5-4DA0-A2EF-E4F4FED868B9}.Debug|iPhoneSimulator.Build.0 = Debug|Any CPU
		{B0C1EDFE-26F5-4DA0-A2EF-E4F4FED868B9}.Debug|iPhoneSimulator.Deploy.0 = Debug|Any CPU
		{B0C1EDFE-26F5-4DA0-A2EF-E4F4FED868B9}.Debug|x64.ActiveCfg = Debug|Any CPU
		{B0C1EDFE-26F5-4DA0-A2EF-E4F4FED868B9}.Debug|x64.Build.0 = Debug|Any CPU
		{B0C1EDFE-26F5-4DA0-A2EF-E4F4FED868B9}.Debug|x64.Deploy.0 = Debug|Any CPU
		{B0C1EDFE-26F5-4DA0-A2EF-E4F4FED868B9}.Debug|x86.ActiveCfg = Debug|x86
		{B0C1EDFE-26F5-4DA0-A2EF-E4F4FED868B9}.Debug|x86.Build.0 = Debug|x86
		{B0C1EDFE-26F5-4DA0-A2EF-E4F4FED868B9}.Debug|x86.Deploy.0 = Debug|x86
		{B0C1EDFE-26F5-4DA0-A2EF-E4F4FED868B9}.Release|Any CPU.ActiveCfg = Release|Any CPU
		{B0C1EDFE-26F5-4DA0-A2EF-E4F4FED868B9}.Release|Any CPU.Build.0 = Release|Any CPU
		{B0C1EDFE-26F5-4DA0-A2EF-E4F4FED868B9}.Release|Any CPU.Deploy.0 = Release|Any CPU
		{B0C1EDFE-26F5-4DA0-A2EF-E4F4FED868B9}.Release|ARM.ActiveCfg = Release|ARM
		{B0C1EDFE-26F5-4DA0-A2EF-E4F4FED868B9}.Release|ARM.Build.0 = Release|ARM
		{B0C1EDFE-26F5-4DA0-A2EF-E4F4FED868B9}.Release|ARM.Deploy.0 = Release|ARM
		{B0C1EDFE-26F5-4DA0-A2EF-E4F4FED868B9}.Release|iPhone.ActiveCfg = Release|Any CPU
		{B0C1EDFE-26F5-4DA0-A2EF-E4F4FED868B9}.Release|iPhone.Build.0 = Release|Any CPU
		{B0C1EDFE-26F5-4DA0-A2EF-E4F4FED868B9}.Release|iPhone.Deploy.0 = Release|Any CPU
		{B0C1EDFE-26F5-4DA0-A2EF-E4F4FED868B9}.Release|iPhoneSimulator.ActiveCfg = Release|Any CPU
		{B0C1EDFE-26F5-4DA0-A2EF-E4F4FED868B9}.Release|iPhoneSimulator.Build.0 = Release|Any CPU
		{B0C1EDFE-26F5-4DA0-A2EF-E4F4FED868B9}.Release|iPhoneSimulator.Deploy.0 = Release|Any CPU
		{B0C1EDFE-26F5-4DA0-A2EF-E4F4FED868B9}.Release|x64.ActiveCfg = Release|Any CPU
		{B0C1EDFE-26F5-4DA0-A2EF-E4F4FED868B9}.Release|x64.Build.0 = Release|Any CPU
		{B0C1EDFE-26F5-4DA0-A2EF-E4F4FED868B9}.Release|x64.Deploy.0 = Release|Any CPU
		{B0C1EDFE-26F5-4DA0-A2EF-E4F4FED868B9}.Release|x86.ActiveCfg = Release|x86
		{B0C1EDFE-26F5-4DA0-A2EF-E4F4FED868B9}.Release|x86.Build.0 = Release|x86
		{B0C1EDFE-26F5-4DA0-A2EF-E4F4FED868B9}.Release|x86.Deploy.0 = Release|x86
		{126AAED0-001C-43B8-8836-769C33E2B414}.Ad-Hoc|Any CPU.ActiveCfg = Release|x86
		{126AAED0-001C-43B8-8836-769C33E2B414}.Ad-Hoc|Any CPU.Build.0 = Release|x86
		{126AAED0-001C-43B8-8836-769C33E2B414}.Ad-Hoc|Any CPU.Deploy.0 = Release|x86
		{126AAED0-001C-43B8-8836-769C33E2B414}.Ad-Hoc|ARM.ActiveCfg = Release|ARM
		{126AAED0-001C-43B8-8836-769C33E2B414}.Ad-Hoc|ARM.Build.0 = Release|ARM
		{126AAED0-001C-43B8-8836-769C33E2B414}.Ad-Hoc|ARM.Deploy.0 = Release|ARM
		{126AAED0-001C-43B8-8836-769C33E2B414}.Ad-Hoc|iPhone.ActiveCfg = Release|x86
		{126AAED0-001C-43B8-8836-769C33E2B414}.Ad-Hoc|iPhone.Build.0 = Release|x86
		{126AAED0-001C-43B8-8836-769C33E2B414}.Ad-Hoc|iPhone.Deploy.0 = Release|x86
		{126AAED0-001C-43B8-8836-769C33E2B414}.Ad-Hoc|iPhoneSimulator.ActiveCfg = Release|x86
		{126AAED0-001C-43B8-8836-769C33E2B414}.Ad-Hoc|iPhoneSimulator.Build.0 = Release|x86
		{126AAED0-001C-43B8-8836-769C33E2B414}.Ad-Hoc|iPhoneSimulator.Deploy.0 = Release|x86
		{126AAED0-001C-43B8-8836-769C33E2B414}.Ad-Hoc|x64.ActiveCfg = Release|x64
		{126AAED0-001C-43B8-8836-769C33E2B414}.Ad-Hoc|x64.Build.0 = Release|x64
		{126AAED0-001C-43B8-8836-769C33E2B414}.Ad-Hoc|x64.Deploy.0 = Release|x64
		{126AAED0-001C-43B8-8836-769C33E2B414}.Ad-Hoc|x86.ActiveCfg = Release|x86
		{126AAED0-001C-43B8-8836-769C33E2B414}.Ad-Hoc|x86.Build.0 = Release|x86
		{126AAED0-001C-43B8-8836-769C33E2B414}.Ad-Hoc|x86.Deploy.0 = Release|x86
		{126AAED0-001C-43B8-8836-769C33E2B414}.AppStore|Any CPU.ActiveCfg = Release|x86
		{126AAED0-001C-43B8-8836-769C33E2B414}.AppStore|Any CPU.Build.0 = Release|x86
		{126AAED0-001C-43B8-8836-769C33E2B414}.AppStore|Any CPU.Deploy.0 = Release|x86
		{126AAED0-001C-43B8-8836-769C33E2B414}.AppStore|ARM.ActiveCfg = Release|ARM
		{126AAED0-001C-43B8-8836-769C33E2B414}.AppStore|ARM.Build.0 = Release|ARM
		{126AAED0-001C-43B8-8836-769C33E2B414}.AppStore|ARM.Deploy.0 = Release|ARM
		{126AAED0-001C-43B8-8836-769C33E2B414}.AppStore|iPhone.ActiveCfg = Release|x86
		{126AAED0-001C-43B8-8836-769C33E2B414}.AppStore|iPhone.Build.0 = Release|x86
		{126AAED0-001C-43B8-8836-769C33E2B414}.AppStore|iPhone.Deploy.0 = Release|x86
		{126AAED0-001C-43B8-8836-769C33E2B414}.AppStore|iPhoneSimulator.ActiveCfg = Release|x86
		{126AAED0-001C-43B8-8836-769C33E2B414}.AppStore|iPhoneSimulator.Build.0 = Release|x86
		{126AAED0-001C-43B8-8836-769C33E2B414}.AppStore|iPhoneSimulator.Deploy.0 = Release|x86
		{126AAED0-001C-43B8-8836-769C33E2B414}.AppStore|x64.ActiveCfg = Release|x64
		{126AAED0-001C-43B8-8836-769C33E2B414}.AppStore|x64.Build.0 = Release|x64
		{126AAED0-001C-43B8-8836-769C33E2B414}.AppStore|x64.Deploy.0 = Release|x64
		{126AAED0-001C-43B8-8836-769C33E2B414}.AppStore|x86.ActiveCfg = Release|x86
		{126AAED0-001C-43B8-8836-769C33E2B414}.AppStore|x86.Build.0 = Release|x86
		{126AAED0-001C-43B8-8836-769C33E2B414}.AppStore|x86.Deploy.0 = Release|x86
		{126AAED0-001C-43B8-8836-769C33E2B414}.Debug|Any CPU.ActiveCfg = Debug|x86
		{126AAED0-001C-43B8-8836-769C33E2B414}.Debug|ARM.ActiveCfg = Debug|ARM
		{126AAED0-001C-43B8-8836-769C33E2B414}.Debug|ARM.Build.0 = Debug|ARM
		{126AAED0-001C-43B8-8836-769C33E2B414}.Debug|ARM.Deploy.0 = Debug|ARM
		{126AAED0-001C-43B8-8836-769C33E2B414}.Debug|iPhone.ActiveCfg = Debug|x86
		{126AAED0-001C-43B8-8836-769C33E2B414}.Debug|iPhoneSimulator.ActiveCfg = Debug|x86
		{126AAED0-001C-43B8-8836-769C33E2B414}.Debug|x64.ActiveCfg = Debug|x64
		{126AAED0-001C-43B8-8836-769C33E2B414}.Debug|x64.Build.0 = Debug|x64
		{126AAED0-001C-43B8-8836-769C33E2B414}.Debug|x64.Deploy.0 = Debug|x64
		{126AAED0-001C-43B8-8836-769C33E2B414}.Debug|x86.ActiveCfg = Debug|x86
		{126AAED0-001C-43B8-8836-769C33E2B414}.Debug|x86.Build.0 = Debug|x86
		{126AAED0-001C-43B8-8836-769C33E2B414}.Debug|x86.Deploy.0 = Debug|x86
		{126AAED0-001C-43B8-8836-769C33E2B414}.Release|Any CPU.ActiveCfg = Release|x86
		{126AAED0-001C-43B8-8836-769C33E2B414}.Release|ARM.ActiveCfg = Release|ARM
		{126AAED0-001C-43B8-8836-769C33E2B414}.Release|ARM.Build.0 = Release|ARM
		{126AAED0-001C-43B8-8836-769C33E2B414}.Release|ARM.Deploy.0 = Release|ARM
		{126AAED0-001C-43B8-8836-769C33E2B414}.Release|iPhone.ActiveCfg = Release|x86
		{126AAED0-001C-43B8-8836-769C33E2B414}.Release|iPhoneSimulator.ActiveCfg = Release|x86
		{126AAED0-001C-43B8-8836-769C33E2B414}.Release|x64.ActiveCfg = Release|x64
		{126AAED0-001C-43B8-8836-769C33E2B414}.Release|x64.Build.0 = Release|x64
		{126AAED0-001C-43B8-8836-769C33E2B414}.Release|x64.Deploy.0 = Release|x64
		{126AAED0-001C-43B8-8836-769C33E2B414}.Release|x86.ActiveCfg = Release|x86
		{126AAED0-001C-43B8-8836-769C33E2B414}.Release|x86.Build.0 = Release|x86
		{126AAED0-001C-43B8-8836-769C33E2B414}.Release|x86.Deploy.0 = Release|x86
		{47C13BF8-7298-49E9-A9E2-D1E42E546462}.Ad-Hoc|Any CPU.ActiveCfg = Release|Any CPU
		{47C13BF8-7298-49E9-A9E2-D1E42E546462}.Ad-Hoc|Any CPU.Build.0 = Release|Any CPU
		{47C13BF8-7298-49E9-A9E2-D1E42E546462}.Ad-Hoc|Any CPU.Deploy.0 = Release|Any CPU
		{47C13BF8-7298-49E9-A9E2-D1E42E546462}.Ad-Hoc|ARM.ActiveCfg = Release|ARM
		{47C13BF8-7298-49E9-A9E2-D1E42E546462}.Ad-Hoc|ARM.Build.0 = Release|ARM
		{47C13BF8-7298-49E9-A9E2-D1E42E546462}.Ad-Hoc|ARM.Deploy.0 = Release|ARM
		{47C13BF8-7298-49E9-A9E2-D1E42E546462}.Ad-Hoc|iPhone.ActiveCfg = Release|Any CPU
		{47C13BF8-7298-49E9-A9E2-D1E42E546462}.Ad-Hoc|iPhone.Build.0 = Release|Any CPU
		{47C13BF8-7298-49E9-A9E2-D1E42E546462}.Ad-Hoc|iPhone.Deploy.0 = Release|Any CPU
		{47C13BF8-7298-49E9-A9E2-D1E42E546462}.Ad-Hoc|iPhoneSimulator.ActiveCfg = Release|Any CPU
		{47C13BF8-7298-49E9-A9E2-D1E42E546462}.Ad-Hoc|iPhoneSimulator.Build.0 = Release|Any CPU
		{47C13BF8-7298-49E9-A9E2-D1E42E546462}.Ad-Hoc|iPhoneSimulator.Deploy.0 = Release|Any CPU
		{47C13BF8-7298-49E9-A9E2-D1E42E546462}.Ad-Hoc|x64.ActiveCfg = Release|x64
		{47C13BF8-7298-49E9-A9E2-D1E42E546462}.Ad-Hoc|x64.Build.0 = Release|x64
		{47C13BF8-7298-49E9-A9E2-D1E42E546462}.Ad-Hoc|x64.Deploy.0 = Release|x64
		{47C13BF8-7298-49E9-A9E2-D1E42E546462}.Ad-Hoc|x86.ActiveCfg = Release|x86
		{47C13BF8-7298-49E9-A9E2-D1E42E546462}.Ad-Hoc|x86.Build.0 = Release|x86
		{47C13BF8-7298-49E9-A9E2-D1E42E546462}.Ad-Hoc|x86.Deploy.0 = Release|x86
		{47C13BF8-7298-49E9-A9E2-D1E42E546462}.AppStore|Any CPU.ActiveCfg = Release|Any CPU
		{47C13BF8-7298-49E9-A9E2-D1E42E546462}.AppStore|Any CPU.Build.0 = Release|Any CPU
		{47C13BF8-7298-49E9-A9E2-D1E42E546462}.AppStore|Any CPU.Deploy.0 = Release|Any CPU
		{47C13BF8-7298-49E9-A9E2-D1E42E546462}.AppStore|ARM.ActiveCfg = Release|ARM
		{47C13BF8-7298-49E9-A9E2-D1E42E546462}.AppStore|ARM.Build.0 = Release|ARM
		{47C13BF8-7298-49E9-A9E2-D1E42E546462}.AppStore|ARM.Deploy.0 = Release|ARM
		{47C13BF8-7298-49E9-A9E2-D1E42E546462}.AppStore|iPhone.ActiveCfg = Release|Any CPU
		{47C13BF8-7298-49E9-A9E2-D1E42E546462}.AppStore|iPhone.Build.0 = Release|Any CPU
		{47C13BF8-7298-49E9-A9E2-D1E42E546462}.AppStore|iPhone.Deploy.0 = Release|Any CPU
		{47C13BF8-7298-49E9-A9E2-D1E42E546462}.AppStore|iPhoneSimulator.ActiveCfg = Release|Any CPU
		{47C13BF8-7298-49E9-A9E2-D1E42E546462}.AppStore|iPhoneSimulator.Build.0 = Release|Any CPU
		{47C13BF8-7298-49E9-A9E2-D1E42E546462}.AppStore|iPhoneSimulator.Deploy.0 = Release|Any CPU
		{47C13BF8-7298-49E9-A9E2-D1E42E546462}.AppStore|x64.ActiveCfg = Release|x64
		{47C13BF8-7298-49E9-A9E2-D1E42E546462}.AppStore|x64.Build.0 = Release|x64
		{47C13BF8-7298-49E9-A9E2-D1E42E546462}.AppStore|x64.Deploy.0 = Release|x64
		{47C13BF8-7298-49E9-A9E2-D1E42E546462}.AppStore|x86.ActiveCfg = Release|x86
		{47C13BF8-7298-49E9-A9E2-D1E42E546462}.AppStore|x86.Build.0 = Release|x86
		{47C13BF8-7298-49E9-A9E2-D1E42E546462}.AppStore|x86.Deploy.0 = Release|x86
		{47C13BF8-7298-49E9-A9E2-D1E42E546462}.Debug|Any CPU.ActiveCfg = Debug|Any CPU
		{47C13BF8-7298-49E9-A9E2-D1E42E546462}.Debug|Any CPU.Build.0 = Debug|Any CPU
		{47C13BF8-7298-49E9-A9E2-D1E42E546462}.Debug|Any CPU.Deploy.0 = Debug|Any CPU
		{47C13BF8-7298-49E9-A9E2-D1E42E546462}.Debug|ARM.ActiveCfg = Debug|ARM
		{47C13BF8-7298-49E9-A9E2-D1E42E546462}.Debug|ARM.Build.0 = Debug|ARM
		{47C13BF8-7298-49E9-A9E2-D1E42E546462}.Debug|ARM.Deploy.0 = Debug|ARM
		{47C13BF8-7298-49E9-A9E2-D1E42E546462}.Debug|iPhone.ActiveCfg = Debug|Any CPU
		{47C13BF8-7298-49E9-A9E2-D1E42E546462}.Debug|iPhone.Build.0 = Debug|Any CPU
		{47C13BF8-7298-49E9-A9E2-D1E42E546462}.Debug|iPhone.Deploy.0 = Debug|Any CPU
		{47C13BF8-7298-49E9-A9E2-D1E42E546462}.Debug|iPhoneSimulator.ActiveCfg = Debug|Any CPU
		{47C13BF8-7298-49E9-A9E2-D1E42E546462}.Debug|iPhoneSimulator.Build.0 = Debug|Any CPU
		{47C13BF8-7298-49E9-A9E2-D1E42E546462}.Debug|iPhoneSimulator.Deploy.0 = Debug|Any CPU
		{47C13BF8-7298-49E9-A9E2-D1E42E546462}.Debug|x64.ActiveCfg = Debug|x64
		{47C13BF8-7298-49E9-A9E2-D1E42E546462}.Debug|x64.Build.0 = Debug|x64
		{47C13BF8-7298-49E9-A9E2-D1E42E546462}.Debug|x64.Deploy.0 = Debug|x64
		{47C13BF8-7298-49E9-A9E2-D1E42E546462}.Debug|x86.ActiveCfg = Debug|x86
		{47C13BF8-7298-49E9-A9E2-D1E42E546462}.Debug|x86.Build.0 = Debug|x86
		{47C13BF8-7298-49E9-A9E2-D1E42E546462}.Debug|x86.Deploy.0 = Debug|x86
		{47C13BF8-7298-49E9-A9E2-D1E42E546462}.Release|Any CPU.ActiveCfg = Release|Any CPU
		{47C13BF8-7298-49E9-A9E2-D1E42E546462}.Release|Any CPU.Build.0 = Release|Any CPU
		{47C13BF8-7298-49E9-A9E2-D1E42E546462}.Release|Any CPU.Deploy.0 = Release|Any CPU
		{47C13BF8-7298-49E9-A9E2-D1E42E546462}.Release|ARM.ActiveCfg = Release|ARM
		{47C13BF8-7298-49E9-A9E2-D1E42E546462}.Release|ARM.Build.0 = Release|ARM
		{47C13BF8-7298-49E9-A9E2-D1E42E546462}.Release|ARM.Deploy.0 = Release|ARM
		{47C13BF8-7298-49E9-A9E2-D1E42E546462}.Release|iPhone.ActiveCfg = Release|Any CPU
		{47C13BF8-7298-49E9-A9E2-D1E42E546462}.Release|iPhone.Build.0 = Release|Any CPU
		{47C13BF8-7298-49E9-A9E2-D1E42E546462}.Release|iPhone.Deploy.0 = Release|Any CPU
		{47C13BF8-7298-49E9-A9E2-D1E42E546462}.Release|iPhoneSimulator.ActiveCfg = Release|Any CPU
		{47C13BF8-7298-49E9-A9E2-D1E42E546462}.Release|iPhoneSimulator.Build.0 = Release|Any CPU
		{47C13BF8-7298-49E9-A9E2-D1E42E546462}.Release|iPhoneSimulator.Deploy.0 = Release|Any CPU
		{47C13BF8-7298-49E9-A9E2-D1E42E546462}.Release|x64.ActiveCfg = Release|x64
		{47C13BF8-7298-49E9-A9E2-D1E42E546462}.Release|x64.Build.0 = Release|x64
		{47C13BF8-7298-49E9-A9E2-D1E42E546462}.Release|x64.Deploy.0 = Release|x64
		{47C13BF8-7298-49E9-A9E2-D1E42E546462}.Release|x86.ActiveCfg = Release|x86
		{47C13BF8-7298-49E9-A9E2-D1E42E546462}.Release|x86.Build.0 = Release|x86
		{47C13BF8-7298-49E9-A9E2-D1E42E546462}.Release|x86.Deploy.0 = Release|x86
		{4C56175B-E637-44AD-A9C2-7284964CB115}.Ad-Hoc|Any CPU.ActiveCfg = Release|Any CPU
		{4C56175B-E637-44AD-A9C2-7284964CB115}.Ad-Hoc|Any CPU.Build.0 = Release|Any CPU
		{4C56175B-E637-44AD-A9C2-7284964CB115}.Ad-Hoc|ARM.ActiveCfg = Release|Any CPU
		{4C56175B-E637-44AD-A9C2-7284964CB115}.Ad-Hoc|ARM.Build.0 = Release|Any CPU
		{4C56175B-E637-44AD-A9C2-7284964CB115}.Ad-Hoc|iPhone.ActiveCfg = Release|Any CPU
		{4C56175B-E637-44AD-A9C2-7284964CB115}.Ad-Hoc|iPhone.Build.0 = Release|Any CPU
		{4C56175B-E637-44AD-A9C2-7284964CB115}.Ad-Hoc|iPhoneSimulator.ActiveCfg = Release|Any CPU
		{4C56175B-E637-44AD-A9C2-7284964CB115}.Ad-Hoc|iPhoneSimulator.Build.0 = Release|Any CPU
		{4C56175B-E637-44AD-A9C2-7284964CB115}.Ad-Hoc|x64.ActiveCfg = Release|Any CPU
		{4C56175B-E637-44AD-A9C2-7284964CB115}.Ad-Hoc|x64.Build.0 = Release|Any CPU
		{4C56175B-E637-44AD-A9C2-7284964CB115}.Ad-Hoc|x86.ActiveCfg = Release|Any CPU
		{4C56175B-E637-44AD-A9C2-7284964CB115}.Ad-Hoc|x86.Build.0 = Release|Any CPU
		{4C56175B-E637-44AD-A9C2-7284964CB115}.AppStore|Any CPU.ActiveCfg = Release|Any CPU
		{4C56175B-E637-44AD-A9C2-7284964CB115}.AppStore|Any CPU.Build.0 = Release|Any CPU
		{4C56175B-E637-44AD-A9C2-7284964CB115}.AppStore|ARM.ActiveCfg = Release|Any CPU
		{4C56175B-E637-44AD-A9C2-7284964CB115}.AppStore|ARM.Build.0 = Release|Any CPU
		{4C56175B-E637-44AD-A9C2-7284964CB115}.AppStore|iPhone.ActiveCfg = Release|Any CPU
		{4C56175B-E637-44AD-A9C2-7284964CB115}.AppStore|iPhone.Build.0 = Release|Any CPU
		{4C56175B-E637-44AD-A9C2-7284964CB115}.AppStore|iPhoneSimulator.ActiveCfg = Release|Any CPU
		{4C56175B-E637-44AD-A9C2-7284964CB115}.AppStore|iPhoneSimulator.Build.0 = Release|Any CPU
		{4C56175B-E637-44AD-A9C2-7284964CB115}.AppStore|x64.ActiveCfg = Release|Any CPU
		{4C56175B-E637-44AD-A9C2-7284964CB115}.AppStore|x64.Build.0 = Release|Any CPU
		{4C56175B-E637-44AD-A9C2-7284964CB115}.AppStore|x86.ActiveCfg = Release|Any CPU
		{4C56175B-E637-44AD-A9C2-7284964CB115}.AppStore|x86.Build.0 = Release|Any CPU
		{4C56175B-E637-44AD-A9C2-7284964CB115}.Debug|Any CPU.ActiveCfg = Debug|Any CPU
		{4C56175B-E637-44AD-A9C2-7284964CB115}.Debug|Any CPU.Build.0 = Debug|Any CPU
		{4C56175B-E637-44AD-A9C2-7284964CB115}.Debug|ARM.ActiveCfg = Debug|Any CPU
		{4C56175B-E637-44AD-A9C2-7284964CB115}.Debug|ARM.Build.0 = Debug|Any CPU
		{4C56175B-E637-44AD-A9C2-7284964CB115}.Debug|iPhone.ActiveCfg = Debug|Any CPU
		{4C56175B-E637-44AD-A9C2-7284964CB115}.Debug|iPhone.Build.0 = Debug|Any CPU
		{4C56175B-E637-44AD-A9C2-7284964CB115}.Debug|iPhoneSimulator.ActiveCfg = Debug|Any CPU
		{4C56175B-E637-44AD-A9C2-7284964CB115}.Debug|iPhoneSimulator.Build.0 = Debug|Any CPU
		{4C56175B-E637-44AD-A9C2-7284964CB115}.Debug|x64.ActiveCfg = Debug|Any CPU
		{4C56175B-E637-44AD-A9C2-7284964CB115}.Debug|x64.Build.0 = Debug|Any CPU
		{4C56175B-E637-44AD-A9C2-7284964CB115}.Debug|x86.ActiveCfg = Debug|Any CPU
		{4C56175B-E637-44AD-A9C2-7284964CB115}.Debug|x86.Build.0 = Debug|Any CPU
		{4C56175B-E637-44AD-A9C2-7284964CB115}.Release|Any CPU.ActiveCfg = Release|Any CPU
		{4C56175B-E637-44AD-A9C2-7284964CB115}.Release|Any CPU.Build.0 = Release|Any CPU
		{4C56175B-E637-44AD-A9C2-7284964CB115}.Release|ARM.ActiveCfg = Release|Any CPU
		{4C56175B-E637-44AD-A9C2-7284964CB115}.Release|ARM.Build.0 = Release|Any CPU
		{4C56175B-E637-44AD-A9C2-7284964CB115}.Release|iPhone.ActiveCfg = Release|Any CPU
		{4C56175B-E637-44AD-A9C2-7284964CB115}.Release|iPhone.Build.0 = Release|Any CPU
		{4C56175B-E637-44AD-A9C2-7284964CB115}.Release|iPhoneSimulator.ActiveCfg = Release|Any CPU
		{4C56175B-E637-44AD-A9C2-7284964CB115}.Release|iPhoneSimulator.Build.0 = Release|Any CPU
		{4C56175B-E637-44AD-A9C2-7284964CB115}.Release|x64.ActiveCfg = Release|Any CPU
		{4C56175B-E637-44AD-A9C2-7284964CB115}.Release|x64.Build.0 = Release|Any CPU
		{4C56175B-E637-44AD-A9C2-7284964CB115}.Release|x86.ActiveCfg = Release|Any CPU
		{4C56175B-E637-44AD-A9C2-7284964CB115}.Release|x86.Build.0 = Release|Any CPU
	EndGlobalSection
	GlobalSection(SolutionProperties) = preSolution
		HideSolutionNode = FALSE
	EndGlobalSection
EndGlobal
